
Microsoft Visual Studio Solution File, Format Version 12.00
# Visual Studio Version 17
VisualStudioVersion = 17.10.34916.146
MinimumVisualStudioVersion = 10.0.40219.1
Project("{9A19103F-16F7-4668-BE54-9A1E7A4F7556}") = "PizzaManagement", "PizzaManagement\PizzaManagement.csproj", "{3C417CB2-E63F-41D6-ABF7-A84A28C3F8FF}"
EndProject
Project("{9A19103F-16F7-4668-BE54-9A1E7A4F7556}") = "Services", "Services\Services.csproj", "{26015315-7214-4AE9-A0DE-AEC920E3788F}"
EndProject
Project("{9A19103F-16F7-4668-BE54-9A1E7A4F7556}") = "Models", "Models\Models.csproj", "{BBB3CB9C-2DE9-4820-89DE-D54ACA66360E}"
EndProject
Project("{FAE04EC0-301F-11D3-BF4B-00C04F79EFBC}") = "Tests", "Tests\Tests.csproj", "{09924460-68DB-4482-9BEF-6FCF073B8F16}"
EndProject
Global
	GlobalSection(SolutionConfigurationPlatforms) = preSolution
		Debug|Any CPU = Debug|Any CPU
		Release|Any CPU = Release|Any CPU
	EndGlobalSection
	GlobalSection(ProjectConfigurationPlatforms) = postSolution
		{3C417CB2-E63F-41D6-ABF7-A84A28C3F8FF}.Debug|Any CPU.ActiveCfg = Debug|Any CPU
		{3C417CB2-E63F-41D6-ABF7-A84A28C3F8FF}.Debug|Any CPU.Build.0 = Debug|Any CPU
		{3C417CB2-E63F-41D6-ABF7-A84A28C3F8FF}.Release|Any CPU.ActiveCfg = Release|Any CPU
		{3C417CB2-E63F-41D6-ABF7-A84A28C3F8FF}.Release|Any CPU.Build.0 = Release|Any CPU
		{26015315-7214-4AE9-A0DE-AEC920E3788F}.Debug|Any CPU.ActiveCfg = Debug|Any CPU
		{26015315-7214-4AE9-A0DE-AEC920E3788F}.Debug|Any CPU.Build.0 = Debug|Any CPU
		{26015315-7214-4AE9-A0DE-AEC920E3788F}.Release|Any CPU.ActiveCfg = Release|Any CPU
		{26015315-7214-4AE9-A0DE-AEC920E3788F}.Release|Any CPU.Build.0 = Release|Any CPU
		{BBB3CB9C-2DE9-4820-89DE-D54ACA66360E}.Debug|Any CPU.ActiveCfg = Debug|Any CPU
		{BBB3CB9C-2DE9-4820-89DE-D54ACA66360E}.Debug|Any CPU.Build.0 = Debug|Any CPU
		{BBB3CB9C-2DE9-4820-89DE-D54ACA66360E}.Release|Any CPU.ActiveCfg = Release|Any CPU
		{BBB3CB9C-2DE9-4820-89DE-D54ACA66360E}.Release|Any CPU.Build.0 = Release|Any CPU
		{09924460-68DB-4482-9BEF-6FCF073B8F16}.Debug|Any CPU.ActiveCfg = Debug|Any CPU
		{09924460-68DB-4482-9BEF-6FCF073B8F16}.Debug|Any CPU.Build.0 = Debug|Any CPU
		{09924460-68DB-4482-9BEF-6FCF073B8F16}.Release|Any CPU.ActiveCfg = Release|Any CPU
		{09924460-68DB-4482-9BEF-6FCF073B8F16}.Release|Any CPU.Build.0 = Release|Any CPU
	EndGlobalSection
	GlobalSection(SolutionProperties) = preSolution
		HideSolutionNode = FALSE
	EndGlobalSection
	GlobalSection(ExtensibilityGlobals) = postSolution
		SolutionGuid = {652A00B9-1ADF-4C38-9EB7-5FC63FAEBE36}
	EndGlobalSection
EndGlobal
